# This file is generated by husako. Commit it to version control.
# Do not edit it manually.

format_version = 1
husako_version = "0.1.0"

[resources.k8s]
source = "release"
version = "1.35"
generated_at = "2026-02-26T14:47:24Z"

[charts.metallb]
source = "artifacthub"
package = "metallb/metallb"
version = "0.15.3"
generated_at = "2026-02-26T14:47:25Z"
